{
    "version": 3,
    "terraform_version": "0.10.7",
    "serial": 18,
    "lineage": "93593c29-5040-490c-a1a4-c33a72977f42",
    "modules": [
        {
            "path": [
                "root"
            ],
            "outputs": {
                "elb_dns_name": {
                    "sensitive": false,
                    "type": "string",
                    "value": "webservers-stage-example-1880129963.eu-west-2.elb.amazonaws.com"
                }
            },
            "resources": {},
            "depends_on": []
        },
        {
            "path": [
                "root",
                "webserver-cluster"
            ],
            "outputs": {
                "elb_dns_name": {
                    "sensitive": false,
                    "type": "string",
                    "value": "webservers-stage-example-1880129963.eu-west-2.elb.amazonaws.com"
                }
            },
            "resources": {
                "aws_autoscaling_group.example": {
                    "type": "aws_autoscaling_group",
                    "depends_on": [
                        "aws_elb.example",
                        "aws_launch_configuration.example",
                        "data.aws_availability_zones.available"
                    ],
                    "primary": {
                        "id": "tf-asg-20171102165413585700000002",
                        "attributes": {
                            "arn": "arn:aws:autoscaling:eu-west-2:193381106435:autoScalingGroup:3202262f-05c5-4ec4-b3ef-3e2fe8bf5333:autoScalingGroupName/tf-asg-20171102165413585700000002",
                            "availability_zones.#": "2",
                            "availability_zones.1501760113": "eu-west-2b",
                            "availability_zones.3230292939": "eu-west-2a",
                            "default_cooldown": "300",
                            "desired_capacity": "2",
                            "force_delete": "false",
                            "health_check_grace_period": "300",
                            "health_check_type": "ELB",
                            "id": "tf-asg-20171102165413585700000002",
                            "launch_configuration": "terraform-lc-example-20171102165411266100000001",
                            "load_balancers.#": "1",
                            "load_balancers.3995888115": "webservers-stage-example",
                            "max_size": "2",
                            "metrics_granularity": "1Minute",
                            "min_size": "2",
                            "name": "tf-asg-20171102165413585700000002",
                            "placement_group": "",
                            "protect_from_scale_in": "false",
                            "suspended_processes.#": "0",
                            "tag.#": "1",
                            "tag.2305202985.key": "Name",
                            "tag.2305202985.propagate_at_launch": "true",
                            "tag.2305202985.value": "webservers-stage",
                            "target_group_arns.#": "0",
                            "termination_policies.#": "0",
                            "vpc_zone_identifier.#": "0",
                            "wait_for_capacity_timeout": "10m"
                        },
                        "meta": {
                            "e2bfb730-ecaa-11e6-8f88-34363bc7c4c0": {
                                "delete": 600000000000
                            }
                        },
                        "tainted": false
                    },
                    "deposed": [],
                    "provider": ""
                },
                "aws_elb.example": {
                    "type": "aws_elb",
                    "depends_on": [
                        "aws_security_group.elb",
                        "data.aws_availability_zones.available"
                    ],
                    "primary": {
                        "id": "webservers-stage-example",
                        "attributes": {
                            "access_logs.#": "0",
                            "availability_zones.#": "2",
                            "availability_zones.1501760113": "eu-west-2b",
                            "availability_zones.3230292939": "eu-west-2a",
                            "connection_draining": "false",
                            "connection_draining_timeout": "300",
                            "cross_zone_load_balancing": "true",
                            "dns_name": "webservers-stage-example-1880129963.eu-west-2.elb.amazonaws.com",
                            "health_check.#": "1",
                            "health_check.0.healthy_threshold": "2",
                            "health_check.0.interval": "30",
                            "health_check.0.target": "HTTP:8080/",
                            "health_check.0.timeout": "3",
                            "health_check.0.unhealthy_threshold": "2",
                            "id": "webservers-stage-example",
                            "idle_timeout": "60",
                            "instances.#": "0",
                            "internal": "false",
                            "listener.#": "1",
                            "listener.3931999347.instance_port": "8080",
                            "listener.3931999347.instance_protocol": "http",
                            "listener.3931999347.lb_port": "80",
                            "listener.3931999347.lb_protocol": "http",
                            "listener.3931999347.ssl_certificate_id": "",
                            "name": "webservers-stage-example",
                            "security_groups.#": "1",
                            "security_groups.1639998265": "sg-bd21eed5",
                            "source_security_group": "193381106435/webservers-stage-elb",
                            "source_security_group_id": "sg-bd21eed5",
                            "subnets.#": "2",
                            "subnets.3099370025": "subnet-ad3ad9d6",
                            "subnets.403665969": "subnet-442e2a0e",
                            "tags.%": "0",
                            "zone_id": "ZHURV8PSTC4K8"
                        },
                        "meta": {},
                        "tainted": false
                    },
                    "deposed": [],
                    "provider": ""
                },
                "aws_key_pair.deployer": {
                    "type": "aws_key_pair",
                    "depends_on": [],
                    "primary": {
                        "id": "deployer-key",
                        "attributes": {
                            "id": "deployer-key",
                            "key_name": "deployer-key",
                            "public_key": "ssh-rsa AAAAB3NzaC1yc2EAAAADAQABAAABAQC//pH6SLKzy5iWlzbpX1yMY6AkkiJrRtCLVynzKK9ksalFL9akH/RlgeSHz3X+C2tPel2XnrUAY4Pl4yX38Ogzh5cIJxkrxXS5eA03+hZ5Q6gHzg4JVH7omftQgFkhW5wrFFn9mnMkmmI3Ix++LmYYNMgHwiphikWYQfHBwUUN7w4vCVpjJFIoL+P4wmOday5ymxJAc3e20HnmB760ODAblPT1SM8T5y+wZg762DFp7Tnba0unW7wdfkc2lL9vT/YyivnnL3gU8MfD6JyCP8GZhfcCGyD+7rNG9ZGIhbYLuEyuOhkE4dkpOTSnKpSlWpnQkrpBsh6pZePTQOnM5nzt steve@pixel"
                        },
                        "meta": {
                            "schema_version": "1"
                        },
                        "tainted": false
                    },
                    "deposed": [],
                    "provider": ""
                },
                "aws_launch_configuration.example": {
                    "type": "aws_launch_configuration",
                    "depends_on": [
                        "aws_security_group.instance",
                        "data.template_file.user_data"
                    ],
                    "primary": {
                        "id": "terraform-lc-example-20171102165411266100000001",
                        "attributes": {
                            "associate_public_ip_address": "false",
                            "ebs_block_device.#": "0",
                            "ebs_optimized": "false",
                            "enable_monitoring": "true",
                            "ephemeral_block_device.#": "0",
                            "iam_instance_profile": "",
                            "id": "terraform-lc-example-20171102165411266100000001",
                            "image_id": "ami-996372fd",
                            "instance_type": "t2.nano",
                            "key_name": "deployer-key",
                            "name": "terraform-lc-example-20171102165411266100000001",
                            "name_prefix": "terraform-lc-example-",
                            "root_block_device.#": "0",
                            "security_groups.#": "1",
                            "security_groups.2831205318": "sg-9a20eff2",
                            "spot_price": "",
                            "user_data": "86109c1c0ecbc8062645a82a62391aebc885bf89",
                            "vpc_classic_link_id": "",
                            "vpc_classic_link_security_groups.#": "0"
                        },
                        "meta": {},
                        "tainted": false
                    },
                    "deposed": [],
                    "provider": ""
                },
                "aws_security_group.elb": {
                    "type": "aws_security_group",
                    "depends_on": [],
                    "primary": {
                        "id": "sg-bd21eed5",
                        "attributes": {
                            "description": "Managed by Terraform",
                            "egress.#": "1",
                            "egress.482069346.cidr_blocks.#": "1",
                            "egress.482069346.cidr_blocks.0": "0.0.0.0/0",
                            "egress.482069346.description": "",
                            "egress.482069346.from_port": "0",
                            "egress.482069346.ipv6_cidr_blocks.#": "0",
                            "egress.482069346.prefix_list_ids.#": "0",
                            "egress.482069346.protocol": "-1",
                            "egress.482069346.security_groups.#": "0",
                            "egress.482069346.self": "false",
                            "egress.482069346.to_port": "0",
                            "id": "sg-bd21eed5",
                            "ingress.#": "1",
                            "ingress.2214680975.cidr_blocks.#": "1",
                            "ingress.2214680975.cidr_blocks.0": "0.0.0.0/0",
                            "ingress.2214680975.description": "",
                            "ingress.2214680975.from_port": "80",
                            "ingress.2214680975.ipv6_cidr_blocks.#": "0",
                            "ingress.2214680975.protocol": "tcp",
                            "ingress.2214680975.security_groups.#": "0",
                            "ingress.2214680975.self": "false",
                            "ingress.2214680975.to_port": "80",
                            "name": "webservers-stage-elb",
                            "owner_id": "193381106435",
                            "revoke_rules_on_delete": "false",
                            "tags.%": "0",
                            "vpc_id": "vpc-517d8238"
                        },
                        "meta": {
                            "schema_version": "1"
                        },
                        "tainted": false
                    },
                    "deposed": [],
                    "provider": ""
                },
                "aws_security_group.instance": {
                    "type": "aws_security_group",
                    "depends_on": [],
                    "primary": {
                        "id": "sg-9a20eff2",
                        "attributes": {
                            "description": "Managed by Terraform",
                            "egress.#": "0",
                            "id": "sg-9a20eff2",
                            "ingress.#": "2",
                            "ingress.2002678606.cidr_blocks.#": "1",
                            "ingress.2002678606.cidr_blocks.0": "212.159.22.24/32",
                            "ingress.2002678606.description": "",
                            "ingress.2002678606.from_port": "22",
                            "ingress.2002678606.ipv6_cidr_blocks.#": "0",
                            "ingress.2002678606.protocol": "tcp",
                            "ingress.2002678606.security_groups.#": "0",
                            "ingress.2002678606.self": "false",
                            "ingress.2002678606.to_port": "22",
                            "ingress.516175195.cidr_blocks.#": "1",
                            "ingress.516175195.cidr_blocks.0": "0.0.0.0/0",
                            "ingress.516175195.description": "",
                            "ingress.516175195.from_port": "8080",
                            "ingress.516175195.ipv6_cidr_blocks.#": "0",
                            "ingress.516175195.protocol": "tcp",
                            "ingress.516175195.security_groups.#": "0",
                            "ingress.516175195.self": "false",
                            "ingress.516175195.to_port": "8080",
                            "name": "webservers-stage-instance",
                            "owner_id": "193381106435",
                            "revoke_rules_on_delete": "false",
                            "tags.%": "0",
                            "vpc_id": "vpc-517d8238"
                        },
                        "meta": {
                            "schema_version": "1"
                        },
                        "tainted": false
                    },
                    "deposed": [],
                    "provider": ""
                },
                "data.aws_availability_zones.available": {
                    "type": "aws_availability_zones",
                    "depends_on": [],
                    "primary": {
                        "id": "2017-11-02 16:54:06.601380686 +0000 UTC",
                        "attributes": {
                            "id": "2017-11-02 16:54:06.601380686 +0000 UTC",
                            "names.#": "2",
                            "names.0": "eu-west-2a",
                            "names.1": "eu-west-2b"
                        },
                        "meta": {},
                        "tainted": false
                    },
                    "deposed": [],
                    "provider": ""
                },
                "data.template_file.user_data": {
                    "type": "template_file",
                    "depends_on": [
                        "data.terraform_remote_state.db"
                    ],
                    "primary": {
                        "id": "d31eef685e52276283a14fb16d6b7815934d40038d9665700306722e0cccd520",
                        "attributes": {
                            "id": "d31eef685e52276283a14fb16d6b7815934d40038d9665700306722e0cccd520",
                            "rendered": "#!/bin/bash\ncat \u003e index.html \u003c\u003cEOF\n\u003ch1\u003eHello, World\u003c/h1\u003e\n\u003cp\u003eDB address: terraform-20171102163326305700000001.cgqjjhun6fu1.eu-west-2.rds.amazonaws.com\u003c/p\u003e\n\u003cp\u003eDB port: 3306\u003c/p\u003e\nEOF\nnohup busybox httpd -f -p \"8080\" \u0026\n",
                            "template": "#!/bin/bash\ncat \u003e index.html \u003c\u003cEOF\n\u003ch1\u003eHello, World\u003c/h1\u003e\n\u003cp\u003eDB address: ${db_address}\u003c/p\u003e\n\u003cp\u003eDB port: ${db_port}\u003c/p\u003e\nEOF\nnohup busybox httpd -f -p \"${server_port}\" \u0026\n",
                            "vars.%": "3",
                            "vars.db_address": "terraform-20171102163326305700000001.cgqjjhun6fu1.eu-west-2.rds.amazonaws.com",
                            "vars.db_port": "3306",
                            "vars.server_port": "8080"
                        },
                        "meta": {},
                        "tainted": false
                    },
                    "deposed": [],
                    "provider": ""
                },
                "data.terraform_remote_state.db": {
                    "type": "terraform_remote_state",
                    "depends_on": [],
                    "primary": {
                        "id": "2017-11-02 16:54:06.772198859 +0000 UTC",
                        "attributes": {
                            "address": "terraform-20171102163326305700000001.cgqjjhun6fu1.eu-west-2.rds.amazonaws.com",
                            "backend": "s3",
                            "config.%": "3",
                            "config.bucket": "steviedons-terraform-up-and-running-state",
                            "config.key": "stage/data-stores/terraform.tfstate",
                            "config.region": "eu-west-2",
                            "environment": "default",
                            "id": "2017-11-02 16:54:06.772198859 +0000 UTC",
                            "port": "3306"
                        },
                        "meta": {},
                        "tainted": false
                    },
                    "deposed": [],
                    "provider": ""
                }
            },
            "depends_on": []
        },
        {
            "path": [
                "root",
                "webserver_cluster"
            ],
            "outputs": {
                "elb_dns_name": {
                    "sensitive": false,
                    "type": "string",
                    "value": "webservers-stage-example-389378987.eu-west-2.elb.amazonaws.com"
                }
            },
            "resources": {},
            "depends_on": []
        }
    ]
}
