{
    "version": 3,
    "terraform_version": "0.10.7",
    "serial": 8,
    "lineage": "09701c07-6d22-4c7d-aa48-c9466100aaf6",
    "modules": [
        {
            "path": [
                "root"
            ],
            "outputs": {
                "address": {
                    "sensitive": false,
                    "type": "string",
                    "value": "terraform-20171102163326305700000001.cgqjjhun6fu1.eu-west-2.rds.amazonaws.com"
                },
                "port": {
                    "sensitive": false,
                    "type": "string",
                    "value": "3306"
                }
            },
            "resources": {},
            "depends_on": []
        },
        {
            "path": [
                "root",
                "data-stores"
            ],
            "outputs": {
                "address": {
                    "sensitive": false,
                    "type": "string",
                    "value": "terraform-20171102163326305700000001.cgqjjhun6fu1.eu-west-2.rds.amazonaws.com"
                },
                "port": {
                    "sensitive": false,
                    "type": "string",
                    "value": "3306"
                }
            },
            "resources": {
                "aws_db_instance.example": {
                    "type": "aws_db_instance",
                    "depends_on": [],
                    "primary": {
                        "id": "terraform-20171102163326305700000001",
                        "attributes": {
                            "address": "terraform-20171102163326305700000001.cgqjjhun6fu1.eu-west-2.rds.amazonaws.com",
                            "allocated_storage": "5",
                            "arn": "arn:aws:rds:eu-west-2:193381106435:db:terraform-20171102163326305700000001",
                            "auto_minor_version_upgrade": "true",
                            "availability_zone": "eu-west-2b",
                            "backup_retention_period": "0",
                            "backup_window": "11:55-12:25",
                            "ca_cert_identifier": "rds-ca-2015",
                            "copy_tags_to_snapshot": "false",
                            "db_subnet_group_name": "default",
                            "endpoint": "terraform-20171102163326305700000001.cgqjjhun6fu1.eu-west-2.rds.amazonaws.com:3306",
                            "engine": "mysql",
                            "engine_version": "5.6.37",
                            "hosted_zone_id": "Z1TTGA775OQIYO",
                            "iam_database_authentication_enabled": "false",
                            "id": "terraform-20171102163326305700000001",
                            "identifier": "terraform-20171102163326305700000001",
                            "instance_class": "db.t2.micro",
                            "iops": "0",
                            "kms_key_id": "",
                            "license_model": "general-public-license",
                            "maintenance_window": "wed:07:41-wed:08:11",
                            "monitoring_interval": "0",
                            "multi_az": "false",
                            "name": "example_database",
                            "option_group_name": "default:mysql-5-6",
                            "parameter_group_name": "default.mysql5.6",
                            "password": "password123",
                            "port": "3306",
                            "publicly_accessible": "false",
                            "replicas.#": "0",
                            "replicate_source_db": "",
                            "resource_id": "db-75OKGTTWSY3HBU7QIFVNPJF4BA",
                            "security_group_names.#": "0",
                            "skip_final_snapshot": "true",
                            "status": "available",
                            "storage_encrypted": "false",
                            "storage_type": "standard",
                            "tags.%": "0",
                            "timezone": "",
                            "username": "admin",
                            "vpc_security_group_ids.#": "1",
                            "vpc_security_group_ids.3280883355": "sg-acf634c5"
                        },
                        "meta": {
                            "e2bfb730-ecaa-11e6-8f88-34363bc7c4c0": {
                                "create": 2400000000000,
                                "delete": 2400000000000,
                                "update": 4800000000000
                            }
                        },
                        "tainted": false
                    },
                    "deposed": [],
                    "provider": ""
                },
                "data.aws_availability_zones.available": {
                    "type": "aws_availability_zones",
                    "depends_on": [],
                    "primary": {
                        "id": "2017-11-02 16:33:22.973774594 +0000 UTC",
                        "attributes": {
                            "id": "2017-11-02 16:33:22.973774594 +0000 UTC",
                            "names.#": "2",
                            "names.0": "eu-west-2a",
                            "names.1": "eu-west-2b"
                        },
                        "meta": {},
                        "tainted": false
                    },
                    "deposed": [],
                    "provider": ""
                }
            },
            "depends_on": []
        }
    ]
}
